
Microsoft Visual Studio Solution File, Format Version 12.00
# Visual Studio Version 17
VisualStudioVersion = 17.0.31903.59
MinimumVisualStudioVersion = 10.0.40219.1
Project("{2150E333-8FDC-42A3-9474-1A3956D46DE8}") = "src", "src", "{827E0CD3-B72D-47B6-A68D-7590B98EB39B}"
EndProject
Project("{FAE04EC0-301F-11D3-BF4B-00C04F79EFBC}") = "DigiCard.Web", "src\DigiCard.Web\DigiCard.Web.csproj", "{80ACAAD9-ABE6-4477-83C2-86E0243F0320}"
EndProject
Project("{FAE04EC0-301F-11D3-BF4B-00C04F79EFBC}") = "DigiCard.Web.Client", "src\DigiCard.Web.Client\DigiCard.Web.Client.csproj", "{6F77307E-7B5D-49CC-8E06-429F3762A6F2}"
EndProject
Project("{FAE04EC0-301F-11D3-BF4B-00C04F79EFBC}") = "DigiCard.Contracts", "src\DigiCard.Contracts\DigiCard.Contracts.csproj", "{41A59531-D386-432F-9613-28828127C3B0}"
EndProject
Project("{2150E333-8FDC-42A3-9474-1A3956D46DE8}") = "Modules", "Modules", "{EC447DCF-ABFA-6E24-52A5-D7FD48A5C558}"
EndProject
Project("{FAE04EC0-301F-11D3-BF4B-00C04F79EFBC}") = "DigiCard.Modules.Accounts", "src\Modules\DigiCard.Modules.Accounts\DigiCard.Modules.Accounts.csproj", "{7623AC74-C520-4ADF-8D56-4278CA04E618}"
EndProject
Project("{FAE04EC0-301F-11D3-BF4B-00C04F79EFBC}") = "DigiCard.Modules.Templates", "src\Modules\DigiCard.Modules.Templates\DigiCard.Modules.Templates.csproj", "{F8215D2E-3476-496A-986E-084497363CBD}"
EndProject
Project("{FAE04EC0-301F-11D3-BF4B-00C04F79EFBC}") = "DigiCard.Modules.Invitations", "src\Modules\DigiCard.Modules.Invitations\DigiCard.Modules.Invitations.csproj", "{680E11BE-DC82-4B1E-B044-C0FD7F434B8D}"
EndProject
Project("{2150E333-8FDC-42A3-9474-1A3956D46DE8}") = "tests", "tests", "{0AB3BF05-4346-4AA6-1389-037BE0695223}"
EndProject
Project("{FAE04EC0-301F-11D3-BF4B-00C04F79EFBC}") = "DigiCard.Tests", "tests\DigiCard.Tests\DigiCard.Tests.csproj", "{B4639833-A4AE-4C0F-AA08-32E73F2D1240}"
EndProject
Project("{FAE04EC0-301F-11D3-BF4B-00C04F79EFBC}") = "DigiCard.DbMigrator", "src\DigiCard.DbMigrator\DigiCard.DbMigrator.csproj", "{1CD21DFD-116B-484F-9ECB-E0CD17FFDFEC}"
EndProject
Global
	GlobalSection(SolutionConfigurationPlatforms) = preSolution
		Debug|Any CPU = Debug|Any CPU
		Debug|x64 = Debug|x64
		Debug|x86 = Debug|x86
		Release|Any CPU = Release|Any CPU
		Release|x64 = Release|x64
		Release|x86 = Release|x86
	EndGlobalSection
	GlobalSection(ProjectConfigurationPlatforms) = postSolution
		{80ACAAD9-ABE6-4477-83C2-86E0243F0320}.Debug|Any CPU.ActiveCfg = Debug|Any CPU
		{80ACAAD9-ABE6-4477-83C2-86E0243F0320}.Debug|Any CPU.Build.0 = Debug|Any CPU
		{80ACAAD9-ABE6-4477-83C2-86E0243F0320}.Debug|x64.ActiveCfg = Debug|Any CPU
		{80ACAAD9-ABE6-4477-83C2-86E0243F0320}.Debug|x64.Build.0 = Debug|Any CPU
		{80ACAAD9-ABE6-4477-83C2-86E0243F0320}.Debug|x86.ActiveCfg = Debug|Any CPU
		{80ACAAD9-ABE6-4477-83C2-86E0243F0320}.Debug|x86.Build.0 = Debug|Any CPU
		{80ACAAD9-ABE6-4477-83C2-86E0243F0320}.Release|Any CPU.ActiveCfg = Release|Any CPU
		{80ACAAD9-ABE6-4477-83C2-86E0243F0320}.Release|Any CPU.Build.0 = Release|Any CPU
		{80ACAAD9-ABE6-4477-83C2-86E0243F0320}.Release|x64.ActiveCfg = Release|Any CPU
		{80ACAAD9-ABE6-4477-83C2-86E0243F0320}.Release|x64.Build.0 = Release|Any CPU
		{80ACAAD9-ABE6-4477-83C2-86E0243F0320}.Release|x86.ActiveCfg = Release|Any CPU
		{80ACAAD9-ABE6-4477-83C2-86E0243F0320}.Release|x86.Build.0 = Release|Any CPU
		{6F77307E-7B5D-49CC-8E06-429F3762A6F2}.Debug|Any CPU.ActiveCfg = Debug|Any CPU
		{6F77307E-7B5D-49CC-8E06-429F3762A6F2}.Debug|Any CPU.Build.0 = Debug|Any CPU
		{6F77307E-7B5D-49CC-8E06-429F3762A6F2}.Debug|x64.ActiveCfg = Debug|Any CPU
		{6F77307E-7B5D-49CC-8E06-429F3762A6F2}.Debug|x64.Build.0 = Debug|Any CPU
		{6F77307E-7B5D-49CC-8E06-429F3762A6F2}.Debug|x86.ActiveCfg = Debug|Any CPU
		{6F77307E-7B5D-49CC-8E06-429F3762A6F2}.Debug|x86.Build.0 = Debug|Any CPU
		{6F77307E-7B5D-49CC-8E06-429F3762A6F2}.Release|Any CPU.ActiveCfg = Release|Any CPU
		{6F77307E-7B5D-49CC-8E06-429F3762A6F2}.Release|Any CPU.Build.0 = Release|Any CPU
		{6F77307E-7B5D-49CC-8E06-429F3762A6F2}.Release|x64.ActiveCfg = Release|Any CPU
		{6F77307E-7B5D-49CC-8E06-429F3762A6F2}.Release|x64.Build.0 = Release|Any CPU
		{6F77307E-7B5D-49CC-8E06-429F3762A6F2}.Release|x86.ActiveCfg = Release|Any CPU
		{6F77307E-7B5D-49CC-8E06-429F3762A6F2}.Release|x86.Build.0 = Release|Any CPU
		{41A59531-D386-432F-9613-28828127C3B0}.Debug|Any CPU.ActiveCfg = Debug|Any CPU
		{41A59531-D386-432F-9613-28828127C3B0}.Debug|Any CPU.Build.0 = Debug|Any CPU
		{41A59531-D386-432F-9613-28828127C3B0}.Debug|x64.ActiveCfg = Debug|Any CPU
		{41A59531-D386-432F-9613-28828127C3B0}.Debug|x64.Build.0 = Debug|Any CPU
		{41A59531-D386-432F-9613-28828127C3B0}.Debug|x86.ActiveCfg = Debug|Any CPU
		{41A59531-D386-432F-9613-28828127C3B0}.Debug|x86.Build.0 = Debug|Any CPU
		{41A59531-D386-432F-9613-28828127C3B0}.Release|Any CPU.ActiveCfg = Release|Any CPU
		{41A59531-D386-432F-9613-28828127C3B0}.Release|Any CPU.Build.0 = Release|Any CPU
		{41A59531-D386-432F-9613-28828127C3B0}.Release|x64.ActiveCfg = Release|Any CPU
		{41A59531-D386-432F-9613-28828127C3B0}.Release|x64.Build.0 = Release|Any CPU
		{41A59531-D386-432F-9613-28828127C3B0}.Release|x86.ActiveCfg = Release|Any CPU
		{41A59531-D386-432F-9613-28828127C3B0}.Release|x86.Build.0 = Release|Any CPU
		{7623AC74-C520-4ADF-8D56-4278CA04E618}.Debug|Any CPU.ActiveCfg = Debug|Any CPU
		{7623AC74-C520-4ADF-8D56-4278CA04E618}.Debug|Any CPU.Build.0 = Debug|Any CPU
		{7623AC74-C520-4ADF-8D56-4278CA04E618}.Debug|x64.ActiveCfg = Debug|Any CPU
		{7623AC74-C520-4ADF-8D56-4278CA04E618}.Debug|x64.Build.0 = Debug|Any CPU
		{7623AC74-C520-4ADF-8D56-4278CA04E618}.Debug|x86.ActiveCfg = Debug|Any CPU
		{7623AC74-C520-4ADF-8D56-4278CA04E618}.Debug|x86.Build.0 = Debug|Any CPU
		{7623AC74-C520-4ADF-8D56-4278CA04E618}.Release|Any CPU.ActiveCfg = Release|Any CPU
		{7623AC74-C520-4ADF-8D56-4278CA04E618}.Release|Any CPU.Build.0 = Release|Any CPU
		{7623AC74-C520-4ADF-8D56-4278CA04E618}.Release|x64.ActiveCfg = Release|Any CPU
		{7623AC74-C520-4ADF-8D56-4278CA04E618}.Release|x64.Build.0 = Release|Any CPU
		{7623AC74-C520-4ADF-8D56-4278CA04E618}.Release|x86.ActiveCfg = Release|Any CPU
		{7623AC74-C520-4ADF-8D56-4278CA04E618}.Release|x86.Build.0 = Release|Any CPU
		{F8215D2E-3476-496A-986E-084497363CBD}.Debug|Any CPU.ActiveCfg = Debug|Any CPU
		{F8215D2E-3476-496A-986E-084497363CBD}.Debug|Any CPU.Build.0 = Debug|Any CPU
		{F8215D2E-3476-496A-986E-084497363CBD}.Debug|x64.ActiveCfg = Debug|Any CPU
		{F8215D2E-3476-496A-986E-084497363CBD}.Debug|x64.Build.0 = Debug|Any CPU
		{F8215D2E-3476-496A-986E-084497363CBD}.Debug|x86.ActiveCfg = Debug|Any CPU
		{F8215D2E-3476-496A-986E-084497363CBD}.Debug|x86.Build.0 = Debug|Any CPU
		{F8215D2E-3476-496A-986E-084497363CBD}.Release|Any CPU.ActiveCfg = Release|Any CPU
		{F8215D2E-3476-496A-986E-084497363CBD}.Release|Any CPU.Build.0 = Release|Any CPU
		{F8215D2E-3476-496A-986E-084497363CBD}.Release|x64.ActiveCfg = Release|Any CPU
		{F8215D2E-3476-496A-986E-084497363CBD}.Release|x64.Build.0 = Release|Any CPU
		{F8215D2E-3476-496A-986E-084497363CBD}.Release|x86.ActiveCfg = Release|Any CPU
		{F8215D2E-3476-496A-986E-084497363CBD}.Release|x86.Build.0 = Release|Any CPU
		{680E11BE-DC82-4B1E-B044-C0FD7F434B8D}.Debug|Any CPU.ActiveCfg = Debug|Any CPU
		{680E11BE-DC82-4B1E-B044-C0FD7F434B8D}.Debug|Any CPU.Build.0 = Debug|Any CPU
		{680E11BE-DC82-4B1E-B044-C0FD7F434B8D}.Debug|x64.ActiveCfg = Debug|Any CPU
		{680E11BE-DC82-4B1E-B044-C0FD7F434B8D}.Debug|x64.Build.0 = Debug|Any CPU
		{680E11BE-DC82-4B1E-B044-C0FD7F434B8D}.Debug|x86.ActiveCfg = Debug|Any CPU
		{680E11BE-DC82-4B1E-B044-C0FD7F434B8D}.Debug|x86.Build.0 = Debug|Any CPU
		{680E11BE-DC82-4B1E-B044-C0FD7F434B8D}.Release|Any CPU.ActiveCfg = Release|Any CPU
		{680E11BE-DC82-4B1E-B044-C0FD7F434B8D}.Release|Any CPU.Build.0 = Release|Any CPU
		{680E11BE-DC82-4B1E-B044-C0FD7F434B8D}.Release|x64.ActiveCfg = Release|Any CPU
		{680E11BE-DC82-4B1E-B044-C0FD7F434B8D}.Release|x64.Build.0 = Release|Any CPU
		{680E11BE-DC82-4B1E-B044-C0FD7F434B8D}.Release|x86.ActiveCfg = Release|Any CPU
		{680E11BE-DC82-4B1E-B044-C0FD7F434B8D}.Release|x86.Build.0 = Release|Any CPU
		{B4639833-A4AE-4C0F-AA08-32E73F2D1240}.Debug|Any CPU.ActiveCfg = Debug|Any CPU
		{B4639833-A4AE-4C0F-AA08-32E73F2D1240}.Debug|Any CPU.Build.0 = Debug|Any CPU
		{B4639833-A4AE-4C0F-AA08-32E73F2D1240}.Debug|x64.ActiveCfg = Debug|Any CPU
		{B4639833-A4AE-4C0F-AA08-32E73F2D1240}.Debug|x64.Build.0 = Debug|Any CPU
		{B4639833-A4AE-4C0F-AA08-32E73F2D1240}.Debug|x86.ActiveCfg = Debug|Any CPU
		{B4639833-A4AE-4C0F-AA08-32E73F2D1240}.Debug|x86.Build.0 = Debug|Any CPU
		{B4639833-A4AE-4C0F-AA08-32E73F2D1240}.Release|Any CPU.ActiveCfg = Release|Any CPU
		{B4639833-A4AE-4C0F-AA08-32E73F2D1240}.Release|Any CPU.Build.0 = Release|Any CPU
		{B4639833-A4AE-4C0F-AA08-32E73F2D1240}.Release|x64.ActiveCfg = Release|Any CPU
		{B4639833-A4AE-4C0F-AA08-32E73F2D1240}.Release|x64.Build.0 = Release|Any CPU
		{B4639833-A4AE-4C0F-AA08-32E73F2D1240}.Release|x86.ActiveCfg = Release|Any CPU
		{B4639833-A4AE-4C0F-AA08-32E73F2D1240}.Release|x86.Build.0 = Release|Any CPU
		{1CD21DFD-116B-484F-9ECB-E0CD17FFDFEC}.Debug|Any CPU.ActiveCfg = Debug|Any CPU
		{1CD21DFD-116B-484F-9ECB-E0CD17FFDFEC}.Debug|Any CPU.Build.0 = Debug|Any CPU
		{1CD21DFD-116B-484F-9ECB-E0CD17FFDFEC}.Debug|x64.ActiveCfg = Debug|Any CPU
		{1CD21DFD-116B-484F-9ECB-E0CD17FFDFEC}.Debug|x64.Build.0 = Debug|Any CPU
		{1CD21DFD-116B-484F-9ECB-E0CD17FFDFEC}.Debug|x86.ActiveCfg = Debug|Any CPU
		{1CD21DFD-116B-484F-9ECB-E0CD17FFDFEC}.Debug|x86.Build.0 = Debug|Any CPU
		{1CD21DFD-116B-484F-9ECB-E0CD17FFDFEC}.Release|Any CPU.ActiveCfg = Release|Any CPU
		{1CD21DFD-116B-484F-9ECB-E0CD17FFDFEC}.Release|Any CPU.Build.0 = Release|Any CPU
		{1CD21DFD-116B-484F-9ECB-E0CD17FFDFEC}.Release|x64.ActiveCfg = Release|Any CPU
		{1CD21DFD-116B-484F-9ECB-E0CD17FFDFEC}.Release|x64.Build.0 = Release|Any CPU
		{1CD21DFD-116B-484F-9ECB-E0CD17FFDFEC}.Release|x86.ActiveCfg = Release|Any CPU
		{1CD21DFD-116B-484F-9ECB-E0CD17FFDFEC}.Release|x86.Build.0 = Release|Any CPU
	EndGlobalSection
	GlobalSection(SolutionProperties) = preSolution
		HideSolutionNode = FALSE
	EndGlobalSection
	GlobalSection(NestedProjects) = preSolution
		{80ACAAD9-ABE6-4477-83C2-86E0243F0320} = {827E0CD3-B72D-47B6-A68D-7590B98EB39B}
		{6F77307E-7B5D-49CC-8E06-429F3762A6F2} = {827E0CD3-B72D-47B6-A68D-7590B98EB39B}
		{41A59531-D386-432F-9613-28828127C3B0} = {827E0CD3-B72D-47B6-A68D-7590B98EB39B}
		{EC447DCF-ABFA-6E24-52A5-D7FD48A5C558} = {827E0CD3-B72D-47B6-A68D-7590B98EB39B}
		{7623AC74-C520-4ADF-8D56-4278CA04E618} = {EC447DCF-ABFA-6E24-52A5-D7FD48A5C558}
		{F8215D2E-3476-496A-986E-084497363CBD} = {EC447DCF-ABFA-6E24-52A5-D7FD48A5C558}
		{680E11BE-DC82-4B1E-B044-C0FD7F434B8D} = {EC447DCF-ABFA-6E24-52A5-D7FD48A5C558}
		{B4639833-A4AE-4C0F-AA08-32E73F2D1240} = {0AB3BF05-4346-4AA6-1389-037BE0695223}
		{1CD21DFD-116B-484F-9ECB-E0CD17FFDFEC} = {827E0CD3-B72D-47B6-A68D-7590B98EB39B}
	EndGlobalSection
EndGlobal
